
Microsoft Visual Studio Solution File, Format Version 12.00
# Visual Studio 15
Project("{FAE04EC0-301F-11D3-BF4B-00C04F79EFBC}") = "Assembly-CSharp", "Assembly-CSharp.csproj", "{22663A4E-E9D9-6069-4981-7042145CCDBF}"
EndProject
Project("{FAE04EC0-301F-11D3-BF4B-00C04F79EFBC}") = "Assembly-CSharp-Editor", "Assembly-CSharp-Editor.csproj", "{8203950B-EBB2-765B-8ED5-F881A6BB5D06}"
EndProject
Global
	GlobalSection(SolutionConfigurationPlatforms) = preSolution
		Debug|Any CPU = Debug|Any CPU
		Release|Any CPU = Release|Any CPU
	EndGlobalSection
	GlobalSection(ProjectConfigurationPlatforms) = postSolution
		{22663A4E-E9D9-6069-4981-7042145CCDBF}.Debug|Any CPU.ActiveCfg = Debug|Any CPU
		{22663A4E-E9D9-6069-4981-7042145CCDBF}.Debug|Any CPU.Build.0 = Debug|Any CPU
		{22663A4E-E9D9-6069-4981-7042145CCDBF}.Release|Any CPU.ActiveCfg = Release|Any CPU
		{22663A4E-E9D9-6069-4981-7042145CCDBF}.Release|Any CPU.Build.0 = Release|Any CPU
		{8203950B-EBB2-765B-8ED5-F881A6BB5D06}.Debug|Any CPU.ActiveCfg = Debug|Any CPU
		{8203950B-EBB2-765B-8ED5-F881A6BB5D06}.Debug|Any CPU.Build.0 = Debug|Any CPU
		{8203950B-EBB2-765B-8ED5-F881A6BB5D06}.Release|Any CPU.ActiveCfg = Release|Any CPU
		{8203950B-EBB2-765B-8ED5-F881A6BB5D06}.Release|Any CPU.Build.0 = Release|Any CPU
	EndGlobalSection
	GlobalSection(SolutionProperties) = preSolution
		HideSolutionNode = FALSE
	EndGlobalSection
EndGlobal
